
Microsoft Visual Studio Solution File, Format Version 12.00
# Visual Studio Version 17
VisualStudioVersion = 17.4.33213.308
MinimumVisualStudioVersion = 10.0.40219.1
Project("{FAE04EC0-301F-11D3-BF4B-00C04F79EFBC}") = "AzureAppDbHosting", "AzureAppDbHosting\AzureAppDbHosting.csproj", "{6A3F7522-AB38-46C7-9B91-A49D192F119C}"
EndProject
Global
	GlobalSection(SolutionConfigurationPlatforms) = preSolution
		Debug|Any CPU = Debug|Any CPU
		Release|Any CPU = Release|Any CPU
	EndGlobalSection
	GlobalSection(ProjectConfigurationPlatforms) = postSolution
		{6A3F7522-AB38-46C7-9B91-A49D192F119C}.Debug|Any CPU.ActiveCfg = Debug|Any CPU
		{6A3F7522-AB38-46C7-9B91-A49D192F119C}.Debug|Any CPU.Build.0 = Debug|Any CPU
		{6A3F7522-AB38-46C7-9B91-A49D192F119C}.Release|Any CPU.ActiveCfg = Release|Any CPU
		{6A3F7522-AB38-46C7-9B91-A49D192F119C}.Release|Any CPU.Build.0 = Release|Any CPU
	EndGlobalSection
	GlobalSection(SolutionProperties) = preSolution
		HideSolutionNode = FALSE
	EndGlobalSection
	GlobalSection(ExtensibilityGlobals) = postSolution
		SolutionGuid = {2B9914A3-AB08-4DE8-83EB-E59E3EBFCD08}
	EndGlobalSection
EndGlobal
